{
    "version": "0.5",
    "requires": [
        "zlib/1.3.2#1cb806da49011867778ffb6ac7190fcb%1786284851.912",
        "xorg/system#87ea3cbfa907ff490f4ece2f5fa3dbb9%1786284851.7",
        "xkeyboard-config/system#74aea985b91f987b93b220b44963d7ed%1786284851.469",
        "xkbcommon/1.5.0#c771e7ebf2a049d34c09f0347fc0b0fe%1786433369.524",
        "wayland/1.24.0#ac40d5647b1ce948e185c1a849f63cb6%1786284848.217",
        "tinyspline/0.6.0#ad53326cd4c39620e27ee29ac7ab18b6%1786284847.539",
        "spdlog/1.17.0#bcbaaf7147bda6ad24ffbd1ac3d7142c%1786284846.966",
        "qt/6.8.3#0da5c6f8e1b567c08b3d32960038b5d3%1786970059.371",
        "pcre2/10.42#a0b25dffca18f5987304619e9c93fb44%1786284752.832",
        "opengl/system#cfcf523b9d2bad75cbf377f56562634c%1786284752.606",
        "mpfr/4.2.1#3ea0c62e07e64e2be1518445351eb407%1786284751.915",
        "libxml2/2.15.3#3406c6d8d327e9b84c0c894feb859514%1786284750.537",
        "libpng/1.6.58#19cb72905ae54f54948401f753faa2c1%1786284750.207",
        "libiconv/1.17#9923bc6dc6f106646d6967e0039a5ada%1786284749.474",
        "libffi/3.4.8#a045c00fb26779635e3bed40e80c5254%1786284749.151",
        "libbacktrace/cci.20210118#a7691bfccd8caaf66309df196790a5a1%1722218217.276",
        "icu/74.2#3ea06d801544d68ba5383c2445f4b15e%1786371051.841",
        "gtest/1.17.0#5224b3b3ff3b4ce1133cbdd27d53ee7d%1786284741.398",
        "gmp/6.3.0#187de23af494e24e69bf9dfc1966a60d%1786284740.458",
        "glm/1.0.1#c0f71fade2e9abf19fba94615b2243ae%1786284740.189",
        "glad/2.0.8#a296ca44353184764ba2d698034b9d94%1786284739.776",
        "freetype/2.14.3#4ee27b7918b546a96d7e6898e3a02b34%1786284739.33",
        "fontconfig/2.15.0#5d752580de3d735bcdd66db6b7ef4fb2%1786284738.997",
        "fmt/12.1.0#6baf0fb8351783472b94ee6e36232391%1786284738.608",
        "expat/2.8.2#47bed4455ba060e4104dc20d6a448c34%1786284737.918",
        "eigen/3.4.0#a95b834c9459d8b8cb6dba6426ca0409%1786284737.619",
        "double-conversion/3.3.0#de1c45766e70b79dbd9bf744c7b2a89a%1786284735.024",
        "cgal/6.1.1#31849c5b78429a2d67c7176a6fa2a782%1786284733.904",
        "bzip2/1.0.8#c470882369c2d95c5c77e970c0c7e321%1786284733.556",
        "brotli/1.1.0#3f631ef77008f7b5eb388780116371a3%1786284733.005",
        "boost/1.83.0#bc9060051b428f90c2df6065f03b34f8%1786284726.431"
    ],
    "build_requires": [
        "zlib/1.3.2#1cb806da49011867778ffb6ac7190fcb%1786284851.912",
        "xapian-core/1.4.19#f8de8e284f40b94b11dd6df4acc8321a%1721053911.733",
        "wayland-protocols/1.45#79bbdf84ebb0fcc3353686529e0a2322%1786284848.86",
        "wayland/1.24.0#ac40d5647b1ce948e185c1a849f63cb6%1786284848.217",
        "util-linux-libuuid/2.39#e4c24f09a664be916322d6d76e96c348%1786284847.881",
        "pkgconf/2.5.1#93c2051284cba1279494a43a4fcfeae2%1786284753.279",
        "ninja/1.13.2#c8c5dc2a52ed6e4e42a66d75b4717ceb%1786284752.31",
        "meson/1.10.2#9d2d10681fe7fe61c788c58626c89b25%1786284751.654",
        "m4/1.4.19#1727f439cf74e83826ec96d0b4904eee%1786284751.344",
        "libxml2/2.15.3#3406c6d8d327e9b84c0c894feb859514%1786284750.537",
        "libiconv/1.17#9923bc6dc6f106646d6967e0039a5ada%1786284749.474",
        "libffi/3.4.8#a045c00fb26779635e3bed40e80c5254%1786284749.151",
        "gperf/3.1#a7afdf8f7cccdc2dcd4d962370c33d4f%1786284741.091",
        "gnu-config/cci.20210814#466e9d4d7779e1c142443f7ea44b4284%1786284740.923",
        "flex/2.6.4#efa781fc5088b47c895bd4eef6911f2e%1786284738.224",
        "expat/2.8.2#47bed4455ba060e4104dc20d6a448c34%1786284737.918",
        "doxygen/1.17.0#7bbd9853ee4859042bea8683d68e418e%1786284735.405",
        "cmake/4.4.0#a5dd5d73bd9fc56b0fc3163a04573dc8%1786284734.671",
        "cmake/3.31.12#173a926abc2b77f03c826b6fd6539426%1786284734.327",
        "bison/3.8.2#c3490cbe0078b6fd3eb4cf5ed64144dc%1786284726.068",
        "b2/5.5.3#043a75bcbb090e3f81f7ac849850d0ca%1786284725.72"
    ],
    "python_requires": [],
    "config_requires": []
}
